
Microsoft Visual Studio Solution File, Format Version 12.00
# Visual Studio Version 17
VisualStudioVersion = 17.1.32421.90
MinimumVisualStudioVersion = 10.0.40219.1
Project("{FAE04EC0-301F-11D3-BF4B-00C04F79EFBC}") = "Heranca", "Heranca\Heranca.csproj", "{A0701019-3BD7-43D5-BECC-E1E6D5E10A2B}"
EndProject
Global
	GlobalSection(SolutionConfigurationPlatforms) = preSolution
		Debug|Any CPU = Debug|Any CPU
		Release|Any CPU = Release|Any CPU
	EndGlobalSection
	GlobalSection(ProjectConfigurationPlatforms) = postSolution
		{A0701019-3BD7-43D5-BECC-E1E6D5E10A2B}.Debug|Any CPU.ActiveCfg = Debug|Any CPU
		{A0701019-3BD7-43D5-BECC-E1E6D5E10A2B}.Debug|Any CPU.Build.0 = Debug|Any CPU
		{A0701019-3BD7-43D5-BECC-E1E6D5E10A2B}.Release|Any CPU.ActiveCfg = Release|Any CPU
		{A0701019-3BD7-43D5-BECC-E1E6D5E10A2B}.Release|Any CPU.Build.0 = Release|Any CPU
	EndGlobalSection
	GlobalSection(SolutionProperties) = preSolution
		HideSolutionNode = FALSE
	EndGlobalSection
	GlobalSection(ExtensibilityGlobals) = postSolution
		SolutionGuid = {7D3B6F8A-E6BC-406E-9552-BE9846A6E4DF}
	EndGlobalSection
EndGlobal
