
Microsoft Visual Studio Solution File, Format Version 12.00
# Visual Studio Version 17
VisualStudioVersion = 17.1.32421.90
MinimumVisualStudioVersion = 10.0.40219.1
Project("{FAE04EC0-301F-11D3-BF4B-00C04F79EFBC}") = "Polimorfismo", "Polimorfismo\Polimorfismo.csproj", "{2B14C8A4-63CB-4E32-9AF7-448461C11D27}"
EndProject
Global
	GlobalSection(SolutionConfigurationPlatforms) = preSolution
		Debug|Any CPU = Debug|Any CPU
		Release|Any CPU = Release|Any CPU
	EndGlobalSection
	GlobalSection(ProjectConfigurationPlatforms) = postSolution
		{2B14C8A4-63CB-4E32-9AF7-448461C11D27}.Debug|Any CPU.ActiveCfg = Debug|Any CPU
		{2B14C8A4-63CB-4E32-9AF7-448461C11D27}.Debug|Any CPU.Build.0 = Debug|Any CPU
		{2B14C8A4-63CB-4E32-9AF7-448461C11D27}.Release|Any CPU.ActiveCfg = Release|Any CPU
		{2B14C8A4-63CB-4E32-9AF7-448461C11D27}.Release|Any CPU.Build.0 = Release|Any CPU
	EndGlobalSection
	GlobalSection(SolutionProperties) = preSolution
		HideSolutionNode = FALSE
	EndGlobalSection
	GlobalSection(ExtensibilityGlobals) = postSolution
		SolutionGuid = {0E472D7D-0CC7-4A72-9705-B690AFF02607}
	EndGlobalSection
EndGlobal
